
Microsoft Visual Studio Solution File, Format Version 12.00
# Visual Studio 15
VisualStudioVersion = 15.0.27004.2006
MinimumVisualStudioVersion = 10.0.40219.1
Project("{8BC9CEB8-8B4A-11D0-8D11-00A0C91BC942}") = "计网上机", "计网上机\计网上机.vcxproj", "{196EBD1E-E6D4-4BBD-9E2D-1B378F7EC82B}"
EndProject
Global
	GlobalSection(SolutionConfigurationPlatforms) = preSolution
		Debug|x64 = Debug|x64
		Debug|x86 = Debug|x86
		Release|x64 = Release|x64
		Release|x86 = Release|x86
	EndGlobalSection
	GlobalSection(ProjectConfigurationPlatforms) = postSolution
		{196EBD1E-E6D4-4BBD-9E2D-1B378F7EC82B}.Debug|x64.ActiveCfg = Debug|x64
		{196EBD1E-E6D4-4BBD-9E2D-1B378F7EC82B}.Debug|x64.Build.0 = Debug|x64
		{196EBD1E-E6D4-4BBD-9E2D-1B378F7EC82B}.Debug|x86.ActiveCfg = Debug|Win32
		{196EBD1E-E6D4-4BBD-9E2D-1B378F7EC82B}.Debug|x86.Build.0 = Debug|Win32
		{196EBD1E-E6D4-4BBD-9E2D-1B378F7EC82B}.Release|x64.ActiveCfg = Release|x64
		{196EBD1E-E6D4-4BBD-9E2D-1B378F7EC82B}.Release|x64.Build.0 = Release|x64
		{196EBD1E-E6D4-4BBD-9E2D-1B378F7EC82B}.Release|x86.ActiveCfg = Release|Win32
		{196EBD1E-E6D4-4BBD-9E2D-1B378F7EC82B}.Release|x86.Build.0 = Release|Win32
	EndGlobalSection
	GlobalSection(SolutionProperties) = preSolution
		HideSolutionNode = FALSE
	EndGlobalSection
	GlobalSection(ExtensibilityGlobals) = postSolution
		SolutionGuid = {C0C2196C-FCA3-4785-9532-8FC3BEE5984C}
	EndGlobalSection
EndGlobal
